
Microsoft Visual Studio Solution File, Format Version 12.00
# Visual Studio Version 17
VisualStudioVersion = 17.1.32328.378
MinimumVisualStudioVersion = 10.0.40219.1
Project("{9A19103F-16F7-4668-BE54-9A1E7A4F7556}") = "EstoqueProdutos.Web", "AppWebMVC\EstoqueProdutos.Web.csproj", "{CA7AD78A-14CB-4019-8541-3892884D89D3}"
	ProjectSection(ProjectDependencies) = postProject
		{83515737-4DFC-448B-BA86-068149A2EF99} = {83515737-4DFC-448B-BA86-068149A2EF99}
		{B1B9DC55-48C8-472A-983E-0DBE5B673A52} = {B1B9DC55-48C8-472A-983E-0DBE5B673A52}
	EndProjectSection
EndProject
Project("{9A19103F-16F7-4668-BE54-9A1E7A4F7556}") = "EstoqueProdutos.Models", "EstoqueVeiculo.Models\EstoqueProdutos.Models.csproj", "{83515737-4DFC-448B-BA86-068149A2EF99}"
EndProject
Project("{9A19103F-16F7-4668-BE54-9A1E7A4F7556}") = "EstoqueProdutos.DataAccess", "EstoqueVeiculo.DataAccess\EstoqueProdutos.DataAccess.csproj", "{B1B9DC55-48C8-472A-983E-0DBE5B673A52}"
	ProjectSection(ProjectDependencies) = postProject
		{83515737-4DFC-448B-BA86-068149A2EF99} = {83515737-4DFC-448B-BA86-068149A2EF99}
	EndProjectSection
EndProject
Global
	GlobalSection(SolutionConfigurationPlatforms) = preSolution
		Debug|Any CPU = Debug|Any CPU
		Release|Any CPU = Release|Any CPU
	EndGlobalSection
	GlobalSection(ProjectConfigurationPlatforms) = postSolution
		{CA7AD78A-14CB-4019-8541-3892884D89D3}.Debug|Any CPU.ActiveCfg = Debug|Any CPU
		{CA7AD78A-14CB-4019-8541-3892884D89D3}.Debug|Any CPU.Build.0 = Debug|Any CPU
		{CA7AD78A-14CB-4019-8541-3892884D89D3}.Release|Any CPU.ActiveCfg = Release|Any CPU
		{CA7AD78A-14CB-4019-8541-3892884D89D3}.Release|Any CPU.Build.0 = Release|Any CPU
		{83515737-4DFC-448B-BA86-068149A2EF99}.Debug|Any CPU.ActiveCfg = Debug|Any CPU
		{83515737-4DFC-448B-BA86-068149A2EF99}.Debug|Any CPU.Build.0 = Debug|Any CPU
		{83515737-4DFC-448B-BA86-068149A2EF99}.Release|Any CPU.ActiveCfg = Release|Any CPU
		{83515737-4DFC-448B-BA86-068149A2EF99}.Release|Any CPU.Build.0 = Release|Any CPU
		{B1B9DC55-48C8-472A-983E-0DBE5B673A52}.Debug|Any CPU.ActiveCfg = Debug|Any CPU
		{B1B9DC55-48C8-472A-983E-0DBE5B673A52}.Debug|Any CPU.Build.0 = Debug|Any CPU
		{B1B9DC55-48C8-472A-983E-0DBE5B673A52}.Release|Any CPU.ActiveCfg = Release|Any CPU
		{B1B9DC55-48C8-472A-983E-0DBE5B673A52}.Release|Any CPU.Build.0 = Release|Any CPU
	EndGlobalSection
	GlobalSection(SolutionProperties) = preSolution
		HideSolutionNode = FALSE
	EndGlobalSection
	GlobalSection(ExtensibilityGlobals) = postSolution
		SolutionGuid = {FAE6063C-A722-444D-95A3-5449D6D48A29}
	EndGlobalSection
EndGlobal
